// !$*UTF8*$!
{
	archiveVersion = 1;
	classes = {
	};
	objectVersion = 46;
	objects = {

/* Begin PBXBuildFile section */
		35BE3632AF8B44CF8E0D4122 /* libPods.a in Frameworks */ = {isa = PBXBuildFile; fileRef = B6A2C661DB9B47E4BEFFE41C /* libPods.a */; };
		C32FD3591836062100B41BED /* launch-Image.png in Resources */ = {isa = PBXBuildFile; fileRef = C32FD3581836062100B41BED /* launch-Image.png */; };
		C33DAC84179C5FD400F208AB /* QuartzCore.framework in Frameworks */ = {isa = PBXBuildFile; fileRef = C33DAC83179C5FD400F208AB /* QuartzCore.framework */; };
		C33DAC8E179C8FF200F208AB /* CoreData.framework in Frameworks */ = {isa = PBXBuildFile; fileRef = C33DAC8D179C8FF200F208AB /* CoreData.framework */; };
		C33DACA617A2619700F208AB /* CoreText.framework in Frameworks */ = {isa = PBXBuildFile; fileRef = C33DACA517A2619700F208AB /* CoreText.framework */; };
		C33FFAB31897750D003AC029 /* Crashlytics.framework in Frameworks */ = {isa = PBXBuildFile; fileRef = C33FFAB21897750D003AC029 /* Crashlytics.framework */; };
		C3477C0E17A56E6F008900B5 /* Default-568h@2x.png in Resources */ = {isa = PBXBuildFile; fileRef = C3477C0D17A56E6F008900B5 /* Default-568h@2x.png */; };
		C349589D17A79FEA00E45B3D /* Settings.bundle in Resources */ = {isa = PBXBuildFile; fileRef = C349589C17A79FEA00E45B3D /* Settings.bundle */; };
		C3642F8217F381EE00096EED /* Tutorial-3_5.png in Resources */ = {isa = PBXBuildFile; fileRef = C3642F8017F381EE00096EED /* Tutorial-3_5.png */; };
		C3642F8317F381EE00096EED /* Tutorial-4.png in Resources */ = {isa = PBXBuildFile; fileRef = C3642F8117F381EE00096EED /* Tutorial-4.png */; };
		C37DD34D17A3AD6300EAC24A /* MapKit.framework in Frameworks */ = {isa = PBXBuildFile; fileRef = C37DD34C17A3AD6300EAC24A /* MapKit.framework */; };
		C38285C717A4D0700058D304 /* MessageUI.framework in Frameworks */ = {isa = PBXBuildFile; fileRef = C38285C617A4D0700058D304 /* MessageUI.framework */; };
		C38285C917A4D0930058D304 /* CoreLocation.framework in Frameworks */ = {isa = PBXBuildFile; fileRef = C38285C817A4D0930058D304 /* CoreLocation.framework */; };
		C3B14773182EE1730058DD78 /* GrowlersCoreDataTests.m in Sources */ = {isa = PBXBuildFile; fileRef = C3B14772182EE1730058DD78 /* GrowlersCoreDataTests.m */; };
		C3B14775182EE1870058DD78 /* GrowlersNSUserDefaultsTests.m in Sources */ = {isa = PBXBuildFile; fileRef = C3B14774182EE1870058DD78 /* GrowlersNSUserDefaultsTests.m */; };
		C3B14779182F60700058DD78 /* Tests.m in Sources */ = {isa = PBXBuildFile; fileRef = C3B14778182F60700058DD78 /* Tests.m */; };
		C3C8ACAB188B3CA700CF59E0 /* Beer.m in Sources */ = {isa = PBXBuildFile; fileRef = C3C8ACA2188B3CA700CF59E0 /* Beer.m */; };
		C3C8ACAC188B3CA700CF59E0 /* DMCoreDataMethods.m in Sources */ = {isa = PBXBuildFile; fileRef = C3C8ACA4188B3CA700CF59E0 /* DMCoreDataMethods.m */; };
		C3C8ACAD188B3CA700CF59E0 /* Favorites.m in Sources */ = {isa = PBXBuildFile; fileRef = C3C8ACA6188B3CA700CF59E0 /* Favorites.m */; };
		C3C8ACAE188B3CA700CF59E0 /* GrowlerModel.xcdatamodeld in Sources */ = {isa = PBXBuildFile; fileRef = C3C8ACA7188B3CA700CF59E0 /* GrowlerModel.xcdatamodeld */; };
		C3C8ACB9188B3CDA00CF59E0 /* DMAppDelegate.m in Sources */ = {isa = PBXBuildFile; fileRef = C3C8ACB0188B3CDA00CF59E0 /* DMAppDelegate.m */; };
		C3C8ACBA188B3CDA00CF59E0 /* DMDefaultsInterfaceConstants.m in Sources */ = {isa = PBXBuildFile; fileRef = C3C8ACB2188B3CDA00CF59E0 /* DMDefaultsInterfaceConstants.m */; };
		C3C8ACBB188B3CDA00CF59E0 /* DMHelperMethods.m in Sources */ = {isa = PBXBuildFile; fileRef = C3C8ACB4188B3CDA00CF59E0 /* DMHelperMethods.m */; };
		C3C8ACBC188B3CDA00CF59E0 /* DMStoreHoursActionSheetDelegate.m in Sources */ = {isa = PBXBuildFile; fileRef = C3C8ACB6188B3CDA00CF59E0 /* DMStoreHoursActionSheetDelegate.m */; };
		C3C8ACBD188B3CDA00CF59E0 /* DMTakeMeActionSheetDelegate.m in Sources */ = {isa = PBXBuildFile; fileRef = C3C8ACB8188B3CDA00CF59E0 /* DMTakeMeActionSheetDelegate.m */; };
		C3C8ACC1188B3CFB00CF59E0 /* DMGrowlerTableViewCell.m in Sources */ = {isa = PBXBuildFile; fileRef = C3C8ACBF188B3CFB00CF59E0 /* DMGrowlerTableViewCell.m */; };
		C3C8ACC2188B3CFB00CF59E0 /* DMGrowlerTableViewCell.xib in Resources */ = {isa = PBXBuildFile; fileRef = C3C8ACC0188B3CFB00CF59E0 /* DMGrowlerTableViewCell.xib */; };
		C3C8ACC9188B3D2000CF59E0 /* DMAboutViewController.m in Sources */ = {isa = PBXBuildFile; fileRef = C3C8ACC4188B3D2000CF59E0 /* DMAboutViewController.m */; };
		C3C8ACCA188B3D2000CF59E0 /* DMSettingsTableViewController.m in Sources */ = {isa = PBXBuildFile; fileRef = C3C8ACC6188B3D2000CF59E0 /* DMSettingsTableViewController.m */; };
		C3C8ACCB188B3D2000CF59E0 /* DMTableViewController.m in Sources */ = {isa = PBXBuildFile; fileRef = C3C8ACC8188B3D2000CF59E0 /* DMTableViewController.m */; };
		C3C8ACD0188B3D4B00CF59E0 /* Growlers-Info.plist in Resources */ = {isa = PBXBuildFile; fileRef = C3C8ACCD188B3D4B00CF59E0 /* Growlers-Info.plist */; };
		C3C8ACD1188B3D4B00CF59E0 /* main.m in Sources */ = {isa = PBXBuildFile; fileRef = C3C8ACCF188B3D4B00CF59E0 /* main.m */; };
		C3C8ACD4188B3D6600CF59E0 /* DMGrowlerNetworkModel.m in Sources */ = {isa = PBXBuildFile; fileRef = C3C8ACD3188B3D6600CF59E0 /* DMGrowlerNetworkModel.m */; };
		C3DD53D217967D470086A7E2 /* Foundation.framework in Frameworks */ = {isa = PBXBuildFile; fileRef = C3DD53D117967D470086A7E2 /* Foundation.framework */; };
		C3DD53D417967D470086A7E2 /* CoreGraphics.framework in Frameworks */ = {isa = PBXBuildFile; fileRef = C3DD53D317967D470086A7E2 /* CoreGraphics.framework */; };
		C3DD53D617967D470086A7E2 /* UIKit.framework in Frameworks */ = {isa = PBXBuildFile; fileRef = C3DD53D517967D470086A7E2 /* UIKit.framework */; };
		C3DD53DC17967D470086A7E2 /* InfoPlist.strings in Resources */ = {isa = PBXBuildFile; fileRef = C3DD53DA17967D470086A7E2 /* InfoPlist.strings */; };
		C3DD53E517967D470086A7E2 /* Main.storyboard in Resources */ = {isa = PBXBuildFile; fileRef = C3DD53E317967D470086A7E2 /* Main.storyboard */; };
		C3DD53EA17967D470086A7E2 /* Images.xcassets in Resources */ = {isa = PBXBuildFile; fileRef = C3DD53E917967D470086A7E2 /* Images.xcassets */; };
		C3DD53F117967D470086A7E2 /* XCTest.framework in Frameworks */ = {isa = PBXBuildFile; fileRef = C3DD53F017967D470086A7E2 /* XCTest.framework */; };
		C3DD53F217967D470086A7E2 /* Foundation.framework in Frameworks */ = {isa = PBXBuildFile; fileRef = C3DD53D117967D470086A7E2 /* Foundation.framework */; };
		C3DD53F317967D470086A7E2 /* UIKit.framework in Frameworks */ = {isa = PBXBuildFile; fileRef = C3DD53D517967D470086A7E2 /* UIKit.framework */; };
		C3DD53FB17967D470086A7E2 /* InfoPlist.strings in Resources */ = {isa = PBXBuildFile; fileRef = C3DD53F917967D470086A7E2 /* InfoPlist.strings */; };
		C3DD53FD17967D470086A7E2 /* GrowlersTests.m in Sources */ = {isa = PBXBuildFile; fileRef = C3DD53FC17967D470086A7E2 /* GrowlersTests.m */; };
		C3DD54171797BA5A0086A7E2 /* MobileCoreServices.framework in Frameworks */ = {isa = PBXBuildFile; fileRef = C3DD54161797BA5A0086A7E2 /* MobileCoreServices.framework */; };
		C3DD54191797BA620086A7E2 /* SystemConfiguration.framework in Frameworks */ = {isa = PBXBuildFile; fileRef = C3DD54181797BA620086A7E2 /* SystemConfiguration.framework */; };
		C3E5DE1917BC6A03006DE900 /* CoreImage.framework in Frameworks */ = {isa = PBXBuildFile; fileRef = C3E5DE1817BC6A03006DE900 /* CoreImage.framework */; };
		C7B8D1CC76BE43CF9E87BD05 /* libPods-GrowlersTests.a in Frameworks */ = {isa = PBXBuildFile; fileRef = E607E5B549904B919C171290 /* libPods-GrowlersTests.a */; };
/* End PBXBuildFile section */

/* Begin PBXContainerItemProxy section */
		C3DD53F417967D470086A7E2 /* PBXContainerItemProxy */ = {
			isa = PBXContainerItemProxy;
			containerPortal = C3DD53C617967D470086A7E2 /* Project object */;
			proxyType = 1;
			remoteGlobalIDString = C3DD53CD17967D470086A7E2;
			remoteInfo = Growlers;
		};
/* End PBXContainerItemProxy section */

/* Begin PBXFileReference section */
		3066D4AF570043AE81036398 /* Pods.xcconfig */ = {isa = PBXFileReference; includeInIndex = 1; lastKnownFileType = text.xcconfig; name = Pods.xcconfig; path = Pods/Pods.xcconfig; sourceTree = SOURCE_ROOT; };
		B6A2C661DB9B47E4BEFFE41C /* libPods.a */ = {isa = PBXFileReference; explicitFileType = archive.ar; includeInIndex = 0; path = libPods.a; sourceTree = BUILT_PRODUCTS_DIR; };
		C3015A3E17F02124002F7E18 /* Social.framework */ = {isa = PBXFileReference; lastKnownFileType = wrapper.framework; name = Social.framework; path = System/Library/Frameworks/Social.framework; sourceTree = SDKROOT; };
		C3015A4017F0212D002F7E18 /* Twitter.framework */ = {isa = PBXFileReference; lastKnownFileType = wrapper.framework; name = Twitter.framework; path = System/Library/Frameworks/Twitter.framework; sourceTree = SDKROOT; };
		C32FD3581836062100B41BED /* launch-Image.png */ = {isa = PBXFileReference; lastKnownFileType = image.png; path = "launch-Image.png"; sourceTree = "<group>"; };
		C33DAC83179C5FD400F208AB /* QuartzCore.framework */ = {isa = PBXFileReference; lastKnownFileType = wrapper.framework; name = QuartzCore.framework; path = System/Library/Frameworks/QuartzCore.framework; sourceTree = SDKROOT; };
		C33DAC8D179C8FF200F208AB /* CoreData.framework */ = {isa = PBXFileReference; lastKnownFileType = wrapper.framework; name = CoreData.framework; path = System/Library/Frameworks/CoreData.framework; sourceTree = SDKROOT; };
		C33DACA517A2619700F208AB /* CoreText.framework */ = {isa = PBXFileReference; lastKnownFileType = wrapper.framework; name = CoreText.framework; path = System/Library/Frameworks/CoreText.framework; sourceTree = SDKROOT; };
		C33FFAB21897750D003AC029 /* Crashlytics.framework */ = {isa = PBXFileReference; lastKnownFileType = wrapper.framework; path = Crashlytics.framework; sourceTree = "<group>"; };
		C3477C0D17A56E6F008900B5 /* Default-568h@2x.png */ = {isa = PBXFileReference; lastKnownFileType = image.png; path = "Default-568h@2x.png"; sourceTree = "<group>"; };
		C349589917A774F500E45B3D /* Growlers.entitlements */ = {isa = PBXFileReference; lastKnownFileType = text.xml; path = Growlers.entitlements; sourceTree = "<group>"; };
		C349589C17A79FEA00E45B3D /* Settings.bundle */ = {isa = PBXFileReference; lastKnownFileType = "wrapper.plug-in"; name = Settings.bundle; path = Growlers/Settings.bundle; sourceTree = "<group>"; };
		C3642F8017F381EE00096EED /* Tutorial-3_5.png */ = {isa = PBXFileReference; lastKnownFileType = image.png; path = "Tutorial-3_5.png"; sourceTree = "<group>"; };
		C3642F8117F381EE00096EED /* Tutorial-4.png */ = {isa = PBXFileReference; lastKnownFileType = image.png; path = "Tutorial-4.png"; sourceTree = "<group>"; };
		C37DD34C17A3AD6300EAC24A /* MapKit.framework */ = {isa = PBXFileReference; lastKnownFileType = wrapper.framework; name = MapKit.framework; path = System/Library/Frameworks/MapKit.framework; sourceTree = SDKROOT; };
		C38285C617A4D0700058D304 /* MessageUI.framework */ = {isa = PBXFileReference; lastKnownFileType = wrapper.framework; name = MessageUI.framework; path = System/Library/Frameworks/MessageUI.framework; sourceTree = SDKROOT; };
		C38285C817A4D0930058D304 /* CoreLocation.framework */ = {isa = PBXFileReference; lastKnownFileType = wrapper.framework; name = CoreLocation.framework; path = System/Library/Frameworks/CoreLocation.framework; sourceTree = SDKROOT; };
		C3B14772182EE1730058DD78 /* GrowlersCoreDataTests.m */ = {isa = PBXFileReference; fileEncoding = 4; lastKnownFileType = sourcecode.c.objc; path = GrowlersCoreDataTests.m; sourceTree = "<group>"; };
		C3B14774182EE1870058DD78 /* GrowlersNSUserDefaultsTests.m */ = {isa = PBXFileReference; fileEncoding = 4; lastKnownFileType = sourcecode.c.objc; path = GrowlersNSUserDefaultsTests.m; sourceTree = "<group>"; };
		C3B14778182F60700058DD78 /* Tests.m */ = {isa = PBXFileReference; fileEncoding = 4; lastKnownFileType = sourcecode.c.objc; path = Tests.m; sourceTree = "<group>"; };
		C3C8ACA1188B3CA700CF59E0 /* Beer.h */ = {isa = PBXFileReference; fileEncoding = 4; lastKnownFileType = sourcecode.c.h; name = Beer.h; path = CoreData/Beer.h; sourceTree = "<group>"; };
		C3C8ACA2188B3CA700CF59E0 /* Beer.m */ = {isa = PBXFileReference; fileEncoding = 4; lastKnownFileType = sourcecode.c.objc; name = Beer.m; path = CoreData/Beer.m; sourceTree = "<group>"; };
		C3C8ACA3188B3CA700CF59E0 /* DMCoreDataMethods.h */ = {isa = PBXFileReference; fileEncoding = 4; lastKnownFileType = sourcecode.c.h; name = DMCoreDataMethods.h; path = CoreData/DMCoreDataMethods.h; sourceTree = "<group>"; };
		C3C8ACA4188B3CA700CF59E0 /* DMCoreDataMethods.m */ = {isa = PBXFileReference; fileEncoding = 4; lastKnownFileType = sourcecode.c.objc; name = DMCoreDataMethods.m; path = CoreData/DMCoreDataMethods.m; sourceTree = "<group>"; };
		C3C8ACA5188B3CA700CF59E0 /* Favorites.h */ = {isa = PBXFileReference; fileEncoding = 4; lastKnownFileType = sourcecode.c.h; name = Favorites.h; path = CoreData/Favorites.h; sourceTree = "<group>"; };
		C3C8ACA6188B3CA700CF59E0 /* Favorites.m */ = {isa = PBXFileReference; fileEncoding = 4; lastKnownFileType = sourcecode.c.objc; name = Favorites.m; path = CoreData/Favorites.m; sourceTree = "<group>"; };
		C3C8ACA8188B3CA700CF59E0 /* GrowlerModel 2.xcdatamodel */ = {isa = PBXFileReference; lastKnownFileType = wrapper.xcdatamodel; path = "GrowlerModel 2.xcdatamodel"; sourceTree = "<group>"; };
		C3C8ACA9188B3CA700CF59E0 /* GrowlerModel 3.xcdatamodel */ = {isa = PBXFileReference; lastKnownFileType = wrapper.xcdatamodel; path = "GrowlerModel 3.xcdatamodel"; sourceTree = "<group>"; };
		C3C8ACAA188B3CA700CF59E0 /* GrowlerModel.xcdatamodel */ = {isa = PBXFileReference; lastKnownFileType = wrapper.xcdatamodel; path = GrowlerModel.xcdatamodel; sourceTree = "<group>"; };
		C3C8ACAF188B3CDA00CF59E0 /* DMAppDelegate.h */ = {isa = PBXFileReference; fileEncoding = 4; lastKnownFileType = sourcecode.c.h; name = DMAppDelegate.h; path = "Delegate:Helper Classes/DMAppDelegate.h"; sourceTree = "<group>"; };
		C3C8ACB0188B3CDA00CF59E0 /* DMAppDelegate.m */ = {isa = PBXFileReference; fileEncoding = 4; lastKnownFileType = sourcecode.c.objc; name = DMAppDelegate.m; path = "Delegate:Helper Classes/DMAppDelegate.m"; sourceTree = "<group>"; };
		C3C8ACB1188B3CDA00CF59E0 /* DMDefaultsInterfaceConstants.h */ = {isa = PBXFileReference; fileEncoding = 4; lastKnownFileType = sourcecode.c.h; name = DMDefaultsInterfaceConstants.h; path = "Delegate:Helper Classes/DMDefaultsInterfaceConstants.h"; sourceTree = "<group>"; };
		C3C8ACB2188B3CDA00CF59E0 /* DMDefaultsInterfaceConstants.m */ = {isa = PBXFileReference; fileEncoding = 4; lastKnownFileType = sourcecode.c.objc; name = DMDefaultsInterfaceConstants.m; path = "Delegate:Helper Classes/DMDefaultsInterfaceConstants.m"; sourceTree = "<group>"; };
		C3C8ACB3188B3CDA00CF59E0 /* DMHelperMethods.h */ = {isa = PBXFileReference; fileEncoding = 4; lastKnownFileType = sourcecode.c.h; name = DMHelperMethods.h; path = "Delegate:Helper Classes/DMHelperMethods.h"; sourceTree = "<group>"; };
		C3C8ACB4188B3CDA00CF59E0 /* DMHelperMethods.m */ = {isa = PBXFileReference; fileEncoding = 4; lastKnownFileType = sourcecode.c.objc; name = DMHelperMethods.m; path = "Delegate:Helper Classes/DMHelperMethods.m"; sourceTree = "<group>"; };
		C3C8ACB5188B3CDA00CF59E0 /* DMStoreHoursActionSheetDelegate.h */ = {isa = PBXFileReference; fileEncoding = 4; lastKnownFileType = sourcecode.c.h; name = DMStoreHoursActionSheetDelegate.h; path = "Delegate:Helper Classes/DMStoreHoursActionSheetDelegate.h"; sourceTree = "<group>"; };
		C3C8ACB6188B3CDA00CF59E0 /* DMStoreHoursActionSheetDelegate.m */ = {isa = PBXFileReference; fileEncoding = 4; lastKnownFileType = sourcecode.c.objc; name = DMStoreHoursActionSheetDelegate.m; path = "Delegate:Helper Classes/DMStoreHoursActionSheetDelegate.m"; sourceTree = "<group>"; };
		C3C8ACB7188B3CDA00CF59E0 /* DMTakeMeActionSheetDelegate.h */ = {isa = PBXFileReference; fileEncoding = 4; lastKnownFileType = sourcecode.c.h; name = DMTakeMeActionSheetDelegate.h; path = "Delegate:Helper Classes/DMTakeMeActionSheetDelegate.h"; sourceTree = "<group>"; };
		C3C8ACB8188B3CDA00CF59E0 /* DMTakeMeActionSheetDelegate.m */ = {isa = PBXFileReference; fileEncoding = 4; lastKnownFileType = sourcecode.c.objc; name = DMTakeMeActionSheetDelegate.m; path = "Delegate:Helper Classes/DMTakeMeActionSheetDelegate.m"; sourceTree = "<group>"; };
		C3C8ACBE188B3CFB00CF59E0 /* DMGrowlerTableViewCell.h */ = {isa = PBXFileReference; fileEncoding = 4; lastKnownFileType = sourcecode.c.h; name = DMGrowlerTableViewCell.h; path = "Growler Cell/DMGrowlerTableViewCell.h"; sourceTree = "<group>"; };
		C3C8ACBF188B3CFB00CF59E0 /* DMGrowlerTableViewCell.m */ = {isa = PBXFileReference; fileEncoding = 4; lastKnownFileType = sourcecode.c.objc; name = DMGrowlerTableViewCell.m; path = "Growler Cell/DMGrowlerTableViewCell.m"; sourceTree = "<group>"; };
		C3C8ACC0188B3CFB00CF59E0 /* DMGrowlerTableViewCell.xib */ = {isa = PBXFileReference; fileEncoding = 4; lastKnownFileType = file.xib; name = DMGrowlerTableViewCell.xib; path = "Growler Cell/DMGrowlerTableViewCell.xib"; sourceTree = "<group>"; };
		C3C8ACC3188B3D2000CF59E0 /* DMAboutViewController.h */ = {isa = PBXFileReference; fileEncoding = 4; lastKnownFileType = sourcecode.c.h; name = DMAboutViewController.h; path = "View Controllers/DMAboutViewController.h"; sourceTree = "<group>"; };
		C3C8ACC4188B3D2000CF59E0 /* DMAboutViewController.m */ = {isa = PBXFileReference; fileEncoding = 4; lastKnownFileType = sourcecode.c.objc; name = DMAboutViewController.m; path = "View Controllers/DMAboutViewController.m"; sourceTree = "<group>"; };
		C3C8ACC5188B3D2000CF59E0 /* DMSettingsTableViewController.h */ = {isa = PBXFileReference; fileEncoding = 4; lastKnownFileType = sourcecode.c.h; name = DMSettingsTableViewController.h; path = "View Controllers/DMSettingsTableViewController.h"; sourceTree = "<group>"; };
		C3C8ACC6188B3D2000CF59E0 /* DMSettingsTableViewController.m */ = {isa = PBXFileReference; fileEncoding = 4; lastKnownFileType = sourcecode.c.objc; name = DMSettingsTableViewController.m; path = "View Controllers/DMSettingsTableViewController.m"; sourceTree = "<group>"; };
		C3C8ACC7188B3D2000CF59E0 /* DMTableViewController.h */ = {isa = PBXFileReference; fileEncoding = 4; lastKnownFileType = sourcecode.c.h; name = DMTableViewController.h; path = "View Controllers/DMTableViewController.h"; sourceTree = "<group>"; };
		C3C8ACC8188B3D2000CF59E0 /* DMTableViewController.m */ = {isa = PBXFileReference; fileEncoding = 4; lastKnownFileType = sourcecode.c.objc; name = DMTableViewController.m; path = "View Controllers/DMTableViewController.m"; sourceTree = "<group>"; };
		C3C8ACCC188B3D4B00CF59E0 /* DMAPIKeys.h */ = {isa = PBXFileReference; fileEncoding = 4; lastKnownFileType = sourcecode.c.h; name = DMAPIKeys.h; path = "Supporting Files/DMAPIKeys.h"; sourceTree = "<group>"; };
		C3C8ACCD188B3D4B00CF59E0 /* Growlers-Info.plist */ = {isa = PBXFileReference; fileEncoding = 4; lastKnownFileType = text.plist.xml; name = "Growlers-Info.plist"; path = "Supporting Files/Growlers-Info.plist"; sourceTree = "<group>"; };
		C3C8ACCF188B3D4B00CF59E0 /* main.m */ = {isa = PBXFileReference; fileEncoding = 4; lastKnownFileType = sourcecode.c.objc; name = main.m; path = "Supporting Files/main.m"; sourceTree = "<group>"; };
		C3C8ACD2188B3D6600CF59E0 /* DMGrowlerNetworkModel.h */ = {isa = PBXFileReference; fileEncoding = 4; lastKnownFileType = sourcecode.c.h; name = DMGrowlerNetworkModel.h; path = Model/DMGrowlerNetworkModel.h; sourceTree = "<group>"; };
		C3C8ACD3188B3D6600CF59E0 /* DMGrowlerNetworkModel.m */ = {isa = PBXFileReference; fileEncoding = 4; lastKnownFileType = sourcecode.c.objc; name = DMGrowlerNetworkModel.m; path = Model/DMGrowlerNetworkModel.m; sourceTree = "<group>"; };
		C3C8ACD5188B3D8500CF59E0 /* Growlers-Prefix.pch */ = {isa = PBXFileReference; fileEncoding = 4; lastKnownFileType = sourcecode.c.h; name = "Growlers-Prefix.pch"; path = "Supporting Files/Growlers-Prefix.pch"; sourceTree = "<group>"; };
		C3DD53CE17967D470086A7E2 /* Growlers.app */ = {isa = PBXFileReference; explicitFileType = wrapper.application; includeInIndex = 0; path = Growlers.app; sourceTree = BUILT_PRODUCTS_DIR; };
		C3DD53D117967D470086A7E2 /* Foundation.framework */ = {isa = PBXFileReference; lastKnownFileType = wrapper.framework; name = Foundation.framework; path = System/Library/Frameworks/Foundation.framework; sourceTree = SDKROOT; };
		C3DD53D317967D470086A7E2 /* CoreGraphics.framework */ = {isa = PBXFileReference; lastKnownFileType = wrapper.framework; name = CoreGraphics.framework; path = System/Library/Frameworks/CoreGraphics.framework; sourceTree = SDKROOT; };
		C3DD53D517967D470086A7E2 /* UIKit.framework */ = {isa = PBXFileReference; lastKnownFileType = wrapper.framework; name = UIKit.framework; path = System/Library/Frameworks/UIKit.framework; sourceTree = SDKROOT; };
		C3DD53DB17967D470086A7E2 /* en */ = {isa = PBXFileReference; lastKnownFileType = text.plist.strings; name = en; path = en.lproj/InfoPlist.strings; sourceTree = "<group>"; };
		C3DD53E417967D470086A7E2 /* Base */ = {isa = PBXFileReference; lastKnownFileType = file.storyboard; name = Base; path = Base.lproj/Main.storyboard; sourceTree = "<group>"; };
		C3DD53E917967D470086A7E2 /* Images.xcassets */ = {isa = PBXFileReference; lastKnownFileType = folder.assetcatalog; path = Images.xcassets; sourceTree = "<group>"; };
		C3DD53EF17967D470086A7E2 /* GrowlersTests.xctest */ = {isa = PBXFileReference; explicitFileType = wrapper.cfbundle; includeInIndex = 0; path = GrowlersTests.xctest; sourceTree = BUILT_PRODUCTS_DIR; };
		C3DD53F017967D470086A7E2 /* XCTest.framework */ = {isa = PBXFileReference; lastKnownFileType = wrapper.framework; name = XCTest.framework; path = Library/Frameworks/XCTest.framework; sourceTree = DEVELOPER_DIR; };
		C3DD53F817967D470086A7E2 /* GrowlersTests-Info.plist */ = {isa = PBXFileReference; lastKnownFileType = text.plist.xml; path = "GrowlersTests-Info.plist"; sourceTree = "<group>"; };
		C3DD53FA17967D470086A7E2 /* en */ = {isa = PBXFileReference; lastKnownFileType = text.plist.strings; name = en; path = en.lproj/InfoPlist.strings; sourceTree = "<group>"; };
		C3DD53FC17967D470086A7E2 /* GrowlersTests.m */ = {isa = PBXFileReference; lastKnownFileType = sourcecode.c.objc; path = GrowlersTests.m; sourceTree = "<group>"; };
		C3DD54161797BA5A0086A7E2 /* MobileCoreServices.framework */ = {isa = PBXFileReference; lastKnownFileType = wrapper.framework; name = MobileCoreServices.framework; path = System/Library/Frameworks/MobileCoreServices.framework; sourceTree = SDKROOT; };
		C3DD54181797BA620086A7E2 /* SystemConfiguration.framework */ = {isa = PBXFileReference; lastKnownFileType = wrapper.framework; name = SystemConfiguration.framework; path = System/Library/Frameworks/SystemConfiguration.framework; sourceTree = SDKROOT; };
		C3E5DE1817BC6A03006DE900 /* CoreImage.framework */ = {isa = PBXFileReference; lastKnownFileType = wrapper.framework; name = CoreImage.framework; path = System/Library/Frameworks/CoreImage.framework; sourceTree = SDKROOT; };
		D95DBBE007784969986BBE75 /* Pods-GrowlersTests.xcconfig */ = {isa = PBXFileReference; includeInIndex = 1; lastKnownFileType = text.xcconfig; name = "Pods-GrowlersTests.xcconfig"; path = "Pods/Pods-GrowlersTests.xcconfig"; sourceTree = "<group>"; };
		E607E5B549904B919C171290 /* libPods-GrowlersTests.a */ = {isa = PBXFileReference; explicitFileType = archive.ar; includeInIndex = 0; path = "libPods-GrowlersTests.a"; sourceTree = BUILT_PRODUCTS_DIR; };
/* End PBXFileReference section */

/* Begin PBXFrameworksBuildPhase section */
		C3DD53CB17967D470086A7E2 /* Frameworks */ = {
			isa = PBXFrameworksBuildPhase;
			buildActionMask = 2147483647;
			files = (
				C33DAC84179C5FD400F208AB /* QuartzCore.framework in Frameworks */,
				C3E5DE1917BC6A03006DE900 /* CoreImage.framework in Frameworks */,
				C38285C917A4D0930058D304 /* CoreLocation.framework in Frameworks */,
				C37DD34D17A3AD6300EAC24A /* MapKit.framework in Frameworks */,
				C38285C717A4D0700058D304 /* MessageUI.framework in Frameworks */,
				C33DACA617A2619700F208AB /* CoreText.framework in Frameworks */,
				C33FFAB31897750D003AC029 /* Crashlytics.framework in Frameworks */,
				C3DD53D417967D470086A7E2 /* CoreGraphics.framework in Frameworks */,
				C33DAC8E179C8FF200F208AB /* CoreData.framework in Frameworks */,
				C3DD54191797BA620086A7E2 /* SystemConfiguration.framework in Frameworks */,
				C3DD54171797BA5A0086A7E2 /* MobileCoreServices.framework in Frameworks */,
				C3DD53D617967D470086A7E2 /* UIKit.framework in Frameworks */,
				C3DD53D217967D470086A7E2 /* Foundation.framework in Frameworks */,
				35BE3632AF8B44CF8E0D4122 /* libPods.a in Frameworks */,
			);
			runOnlyForDeploymentPostprocessing = 0;
		};
		C3DD53EC17967D470086A7E2 /* Frameworks */ = {
			isa = PBXFrameworksBuildPhase;
			buildActionMask = 2147483647;
			files = (
				C3DD53F117967D470086A7E2 /* XCTest.framework in Frameworks */,
				C3DD53F317967D470086A7E2 /* UIKit.framework in Frameworks */,
				C3DD53F217967D470086A7E2 /* Foundation.framework in Frameworks */,
				C7B8D1CC76BE43CF9E87BD05 /* libPods-GrowlersTests.a in Frameworks */,
			);
			runOnlyForDeploymentPostprocessing = 0;
		};
/* End PBXFrameworksBuildPhase section */

/* Begin PBXGroup section */
		C3015A4217F0E922002F7E18 /* Delegate/Helper Classes */ = {
			isa = PBXGroup;
			children = (
				C3C8ACAF188B3CDA00CF59E0 /* DMAppDelegate.h */,
				C3C8ACB0188B3CDA00CF59E0 /* DMAppDelegate.m */,
				C3C8ACB1188B3CDA00CF59E0 /* DMDefaultsInterfaceConstants.h */,
				C3C8ACB2188B3CDA00CF59E0 /* DMDefaultsInterfaceConstants.m */,
				C3C8ACB3188B3CDA00CF59E0 /* DMHelperMethods.h */,
				C3C8ACB4188B3CDA00CF59E0 /* DMHelperMethods.m */,
				C3C8ACB5188B3CDA00CF59E0 /* DMStoreHoursActionSheetDelegate.h */,
				C3C8ACB6188B3CDA00CF59E0 /* DMStoreHoursActionSheetDelegate.m */,
				C3C8ACB7188B3CDA00CF59E0 /* DMTakeMeActionSheetDelegate.h */,
				C3C8ACB8188B3CDA00CF59E0 /* DMTakeMeActionSheetDelegate.m */,
			);
			name = "Delegate/Helper Classes";
			sourceTree = "<group>";
		};
		C33DAC92179C91AD00F208AB /* CoreData */ = {
			isa = PBXGroup;
			children = (
				C3C8ACA1188B3CA700CF59E0 /* Beer.h */,
				C3C8ACA2188B3CA700CF59E0 /* Beer.m */,
				C3C8ACA3188B3CA700CF59E0 /* DMCoreDataMethods.h */,
				C3C8ACA4188B3CA700CF59E0 /* DMCoreDataMethods.m */,
				C3C8ACA5188B3CA700CF59E0 /* Favorites.h */,
				C3C8ACA6188B3CA700CF59E0 /* Favorites.m */,
				C3C8ACA7188B3CA700CF59E0 /* GrowlerModel.xcdatamodeld */,
			);
			name = CoreData;
			sourceTree = "<group>";
		};
		C33DAC99179F7D6000F208AB /* Model */ = {
			isa = PBXGroup;
			children = (
				C3C8ACD2188B3D6600CF59E0 /* DMGrowlerNetworkModel.h */,
				C3C8ACD3188B3D6600CF59E0 /* DMGrowlerNetworkModel.m */,
			);
			name = Model;
			sourceTree = "<group>";
		};
		C33DAC9A179F7D6700F208AB /* Growler Cell */ = {
			isa = PBXGroup;
			children = (
				C3C8ACBE188B3CFB00CF59E0 /* DMGrowlerTableViewCell.h */,
				C3C8ACBF188B3CFB00CF59E0 /* DMGrowlerTableViewCell.m */,
				C3C8ACC0188B3CFB00CF59E0 /* DMGrowlerTableViewCell.xib */,
			);
			name = "Growler Cell";
			sourceTree = "<group>";
		};
		C33DAC9B179F7D7000F208AB /* View Controllers */ = {
			isa = PBXGroup;
			children = (
				C3C8ACC3188B3D2000CF59E0 /* DMAboutViewController.h */,
				C3C8ACC4188B3D2000CF59E0 /* DMAboutViewController.m */,
				C3C8ACC5188B3D2000CF59E0 /* DMSettingsTableViewController.h */,
				C3C8ACC6188B3D2000CF59E0 /* DMSettingsTableViewController.m */,
				C3C8ACC7188B3D2000CF59E0 /* DMTableViewController.h */,
				C3C8ACC8188B3D2000CF59E0 /* DMTableViewController.m */,
			);
			name = "View Controllers";
			sourceTree = "<group>";
		};
		C37D79E518CD07D800317C19 /* Categories */ = {
			isa = PBXGroup;
			children = (
			);
			name = Categories;
			sourceTree = "<group>";
		};
		C3DD53C517967D470086A7E2 = {
			isa = PBXGroup;
			children = (
				C349589C17A79FEA00E45B3D /* Settings.bundle */,
				C3477C0D17A56E6F008900B5 /* Default-568h@2x.png */,
				C3DD53D717967D470086A7E2 /* Growlers */,
				C3DD53F617967D470086A7E2 /* GrowlersTests */,
				C3DD53D017967D470086A7E2 /* Frameworks */,
				C3DD53CF17967D470086A7E2 /* Products */,
				3066D4AF570043AE81036398 /* Pods.xcconfig */,
				D95DBBE007784969986BBE75 /* Pods-GrowlersTests.xcconfig */,
			);
			sourceTree = "<group>";
		};
		C3DD53CF17967D470086A7E2 /* Products */ = {
			isa = PBXGroup;
			children = (
				C3DD53CE17967D470086A7E2 /* Growlers.app */,
				C3DD53EF17967D470086A7E2 /* GrowlersTests.xctest */,
			);
			name = Products;
			sourceTree = "<group>";
		};
		C3DD53D017967D470086A7E2 /* Frameworks */ = {
			isa = PBXGroup;
			children = (
				C33FFAB21897750D003AC029 /* Crashlytics.framework */,
				C3015A4017F0212D002F7E18 /* Twitter.framework */,
				C3015A3E17F02124002F7E18 /* Social.framework */,
				C3E5DE1817BC6A03006DE900 /* CoreImage.framework */,
				C38285C817A4D0930058D304 /* CoreLocation.framework */,
				C38285C617A4D0700058D304 /* MessageUI.framework */,
				C37DD34C17A3AD6300EAC24A /* MapKit.framework */,
				C33DACA517A2619700F208AB /* CoreText.framework */,
				C33DAC8D179C8FF200F208AB /* CoreData.framework */,
				C33DAC83179C5FD400F208AB /* QuartzCore.framework */,
				C3DD54181797BA620086A7E2 /* SystemConfiguration.framework */,
				C3DD54161797BA5A0086A7E2 /* MobileCoreServices.framework */,
				C3DD53D117967D470086A7E2 /* Foundation.framework */,
				C3DD53D317967D470086A7E2 /* CoreGraphics.framework */,
				C3DD53D517967D470086A7E2 /* UIKit.framework */,
				C3DD53F017967D470086A7E2 /* XCTest.framework */,
				B6A2C661DB9B47E4BEFFE41C /* libPods.a */,
				E607E5B549904B919C171290 /* libPods-GrowlersTests.a */,
			);
			name = Frameworks;
			sourceTree = "<group>";
		};
		C3DD53D717967D470086A7E2 /* Growlers */ = {
			isa = PBXGroup;
			children = (
				C349589917A774F500E45B3D /* Growlers.entitlements */,
				C3015A4217F0E922002F7E18 /* Delegate/Helper Classes */,
				C37D79E518CD07D800317C19 /* Categories */,
				C3DD53E317967D470086A7E2 /* Main.storyboard */,
				C33DAC9B179F7D7000F208AB /* View Controllers */,
				C33DAC92179C91AD00F208AB /* CoreData */,
				C3DD53E917967D470086A7E2 /* Images.xcassets */,
				C3642F8017F381EE00096EED /* Tutorial-3_5.png */,
				C32FD3581836062100B41BED /* launch-Image.png */,
				C3642F8117F381EE00096EED /* Tutorial-4.png */,
				C3DD53D817967D470086A7E2 /* Supporting Files */,
				C33DAC9A179F7D6700F208AB /* Growler Cell */,
				C33DAC99179F7D6000F208AB /* Model */,
			);
			path = Growlers;
			sourceTree = "<group>";
		};
		C3DD53D817967D470086A7E2 /* Supporting Files */ = {
			isa = PBXGroup;
			children = (
				C3C8ACCC188B3D4B00CF59E0 /* DMAPIKeys.h */,
				C3C8ACD5188B3D8500CF59E0 /* Growlers-Prefix.pch */,
				C3C8ACCD188B3D4B00CF59E0 /* Growlers-Info.plist */,
				C3C8ACCF188B3D4B00CF59E0 /* main.m */,
				C3DD53DA17967D470086A7E2 /* InfoPlist.strings */,
			);
			name = "Supporting Files";
			sourceTree = "<group>";
		};
		C3DD53F617967D470086A7E2 /* GrowlersTests */ = {
			isa = PBXGroup;
			children = (
				C3DD53FC17967D470086A7E2 /* GrowlersTests.m */,
				C3B14772182EE1730058DD78 /* GrowlersCoreDataTests.m */,
				C3B14774182EE1870058DD78 /* GrowlersNSUserDefaultsTests.m */,
				C3B14778182F60700058DD78 /* Tests.m */,
				C3DD53F717967D470086A7E2 /* Supporting Files */,
			);
			path = GrowlersTests;
			sourceTree = "<group>";
		};
		C3DD53F717967D470086A7E2 /* Supporting Files */ = {
			isa = PBXGroup;
			children = (
				C3DD53F817967D470086A7E2 /* GrowlersTests-Info.plist */,
				C3DD53F917967D470086A7E2 /* InfoPlist.strings */,
			);
			name = "Supporting Files";
			sourceTree = "<group>";
		};
/* End PBXGroup section */

/* Begin PBXNativeTarget section */
		C3DD53CD17967D470086A7E2 /* Growlers */ = {
			isa = PBXNativeTarget;
			buildConfigurationList = C3DD540017967D470086A7E2 /* Build configuration list for PBXNativeTarget "Growlers" */;
			buildPhases = (
				37B8E0B7718D4278AFF3DFC6 /* Check Pods Manifest.lock */,
				C3DD53CA17967D470086A7E2 /* Sources */,
				C3DD53CB17967D470086A7E2 /* Frameworks */,
				C3DD53CC17967D470086A7E2 /* Resources */,
				69FF23395AD54E6092E5E5BD /* Copy Pods Resources */,
				C3AE93341884FE1E00B064BF /* ShellScript */,
				C33FFAB1189774E2003AC029 /* ShellScript */,
			);
			buildRules = (
			);
			dependencies = (
			);
			name = Growlers;
			productName = Growlers;
			productReference = C3DD53CE17967D470086A7E2 /* Growlers.app */;
			productType = "com.apple.product-type.application";
		};
		C3DD53EE17967D470086A7E2 /* GrowlersTests */ = {
			isa = PBXNativeTarget;
			buildConfigurationList = C3DD540317967D470086A7E2 /* Build configuration list for PBXNativeTarget "GrowlersTests" */;
			buildPhases = (
				90C63052EC41496492C97213 /* Check Pods Manifest.lock */,
				C3DD53EB17967D470086A7E2 /* Sources */,
				C3DD53EC17967D470086A7E2 /* Frameworks */,
				C3DD53ED17967D470086A7E2 /* Resources */,
				2D30809B9FD94438AC90DF10 /* Copy Pods Resources */,
			);
			buildRules = (
			);
			dependencies = (
				C3DD53F517967D470086A7E2 /* PBXTargetDependency */,
			);
			name = GrowlersTests;
			productName = GrowlersTests;
			productReference = C3DD53EF17967D470086A7E2 /* GrowlersTests.xctest */;
			productType = "com.apple.product-type.bundle.unit-test";
		};
/* End PBXNativeTarget section */

/* Begin PBXProject section */
		C3DD53C617967D470086A7E2 /* Project object */ = {
			isa = PBXProject;
			attributes = {
				CLASSPREFIX = DM;
				LastUpgradeCheck = 0500;
				ORGANIZATIONNAME = "Daniel Miedema";
				TargetAttributes = {
					C3DD53CD17967D470086A7E2 = {
						DevelopmentTeam = SFNXE634D9;
						SystemCapabilities = {
							com.apple.BackgroundModes = {
								enabled = 1;
							};
							com.apple.iCloud = {
								enabled = 0;
							};
						};
					};
					C3DD53EE17967D470086A7E2 = {
						TestTargetID = C3DD53CD17967D470086A7E2;
					};
				};
			};
			buildConfigurationList = C3DD53C917967D470086A7E2 /* Build configuration list for PBXProject "Growlers" */;
			compatibilityVersion = "Xcode 3.2";
			developmentRegion = English;
			hasScannedForEncodings = 0;
			knownRegions = (
				en,
				Base,
			);
			mainGroup = C3DD53C517967D470086A7E2;
			productRefGroup = C3DD53CF17967D470086A7E2 /* Products */;
			projectDirPath = "";
			projectRoot = "";
			targets = (
				C3DD53CD17967D470086A7E2 /* Growlers */,
				C3DD53EE17967D470086A7E2 /* GrowlersTests */,
			);
		};
/* End PBXProject section */

/* Begin PBXResourcesBuildPhase section */
		C3DD53CC17967D470086A7E2 /* Resources */ = {
			isa = PBXResourcesBuildPhase;
			buildActionMask = 2147483647;
			files = (
				C3DD53EA17967D470086A7E2 /* Images.xcassets in Resources */,
				C3C8ACC2188B3CFB00CF59E0 /* DMGrowlerTableViewCell.xib in Resources */,
				C3DD53DC17967D470086A7E2 /* InfoPlist.strings in Resources */,
				C3642F8217F381EE00096EED /* Tutorial-3_5.png in Resources */,
				C3DD53E517967D470086A7E2 /* Main.storyboard in Resources */,
				C3C8ACD0188B3D4B00CF59E0 /* Growlers-Info.plist in Resources */,
				C32FD3591836062100B41BED /* launch-Image.png in Resources */,
				C349589D17A79FEA00E45B3D /* Settings.bundle in Resources */,
				C3642F8317F381EE00096EED /* Tutorial-4.png in Resources */,
				C3477C0E17A56E6F008900B5 /* Default-568h@2x.png in Resources */,
			);
			runOnlyForDeploymentPostprocessing = 0;
		};
		C3DD53ED17967D470086A7E2 /* Resources */ = {
			isa = PBXResourcesBuildPhase;
			buildActionMask = 2147483647;
			files = (
				C3DD53FB17967D470086A7E2 /* InfoPlist.strings in Resources */,
			);
			runOnlyForDeploymentPostprocessing = 0;
		};
/* End PBXResourcesBuildPhase section */

/* Begin PBXShellScriptBuildPhase section */
		2D30809B9FD94438AC90DF10 /* Copy Pods Resources */ = {
			isa = PBXShellScriptBuildPhase;
			buildActionMask = 2147483647;
			files = (
			);
			inputPaths = (
			);
			name = "Copy Pods Resources";
			outputPaths = (
			);
			runOnlyForDeploymentPostprocessing = 0;
			shellPath = /bin/sh;
			shellScript = "\"${SRCROOT}/Pods/Pods-GrowlersTests-resources.sh\"\n";
			showEnvVarsInLog = 0;
		};
		37B8E0B7718D4278AFF3DFC6 /* Check Pods Manifest.lock */ = {
			isa = PBXShellScriptBuildPhase;
			buildActionMask = 2147483647;
			files = (
			);
			inputPaths = (
			);
			name = "Check Pods Manifest.lock";
			outputPaths = (
			);
			runOnlyForDeploymentPostprocessing = 0;
			shellPath = /bin/sh;
			shellScript = "diff \"${PODS_ROOT}/../Podfile.lock\" \"${PODS_ROOT}/Manifest.lock\" > /dev/null\nif [[ $? != 0 ]] ; then\n    cat << EOM\nerror: The sandbox is not in sync with the Podfile.lock. Run 'pod install' or update your CocoaPods installation.\nEOM\n    exit 1\nfi\n";
			showEnvVarsInLog = 0;
		};
		69FF23395AD54E6092E5E5BD /* Copy Pods Resources */ = {
			isa = PBXShellScriptBuildPhase;
			buildActionMask = 2147483647;
			files = (
			);
			inputPaths = (
			);
			name = "Copy Pods Resources";
			outputPaths = (
			);
			runOnlyForDeploymentPostprocessing = 0;
			shellPath = /bin/sh;
			shellScript = "\"${SRCROOT}/Pods/Pods-resources.sh\"\n";
			showEnvVarsInLog = 0;
		};
		90C63052EC41496492C97213 /* Check Pods Manifest.lock */ = {
			isa = PBXShellScriptBuildPhase;
			buildActionMask = 2147483647;
			files = (
			);
			inputPaths = (
			);
			name = "Check Pods Manifest.lock";
			outputPaths = (
			);
			runOnlyForDeploymentPostprocessing = 0;
			shellPath = /bin/sh;
			shellScript = "diff \"${PODS_ROOT}/../Podfile.lock\" \"${PODS_ROOT}/Manifest.lock\" > /dev/null\nif [[ $? != 0 ]] ; then\n    cat << EOM\nerror: The sandbox is not in sync with the Podfile.lock. Run 'pod install' or update your CocoaPods installation.\nEOM\n    exit 1\nfi\n";
			showEnvVarsInLog = 0;
		};
		C33FFAB1189774E2003AC029 /* ShellScript */ = {
			isa = PBXShellScriptBuildPhase;
			buildActionMask = 2147483647;
			files = (
			);
			inputPaths = (
			);
			outputPaths = (
			);
			runOnlyForDeploymentPostprocessing = 0;
			shellPath = /bin/sh;
			shellScript = "./Crashlytics.framework/run a4e8e7fb0fbbc4484daebe40cef16e5ebafd98d0";
		};
		C3AE93341884FE1E00B064BF /* ShellScript */ = {
			isa = PBXShellScriptBuildPhase;
			buildActionMask = 2147483647;
			files = (
			);
			inputPaths = (
			);
			outputPaths = (
			);
			runOnlyForDeploymentPostprocessing = 0;
			shellPath = /bin/bash;
			shellScript = "####\n# XcodeBuildUpdate\n# Created by Daniel Miedema\n# MIT License\n####\n\n# Variables -- change as needed\nPROD_BRANCH=\"master\"\nBUILD=\"0\"\n\nCURRENT_BRANCH=$(git branch | grep \"*\" | cut -d ' ' -f 2)\nCOMMIT_COUNT=$(git rev-list HEAD --count)\nCOMMIT_SHA=$(git rev-list --max-count=1 HEAD | cut -c1-6)\n\nif [[ $PROD_BRANCH == $CURRENT_BRANCH ]]; then\nBUILD=\"$COMMIT_COUNT\"\nelse\nBUILD=\"$COMMIT_SHA\"\nfi\n\n/usr/libexec/PlistBuddy -c \"Set :CFBundleVersion $BUILD\" \"$INFOPLIST_FILE\"\n\nVERSION=$(/usr/libexec/PlistBuddy -c \"Print CFBundleShortVersionString\" \"$INFOPLIST_FILE\")\n\nPATH=\"$SRCROOT/$PROJECT_NAME/Settings.bundle/Root.plist\"\n\n/usr/libexec/PlistBuddy -c \"Set PreferenceSpecifiers:1:DefaultValue $VERSION\" \"$PATH\"\n/usr/libexec/PlistBuddy -c \"Set PreferenceSpecifiers:2:DefaultValue $BUILD\" \"$PATH\"\n\nexit 0";
		};
/* End PBXShellScriptBuildPhase section */

/* Begin PBXSourcesBuildPhase section */
		C3DD53CA17967D470086A7E2 /* Sources */ = {
			isa = PBXSourcesBuildPhase;
			buildActionMask = 2147483647;
			files = (
				C3C8ACC9188B3D2000CF59E0 /* DMAboutViewController.m in Sources */,
				C3C8ACCA188B3D2000CF59E0 /* DMSettingsTableViewController.m in Sources */,
				C3C8ACBA188B3CDA00CF59E0 /* DMDefaultsInterfaceConstants.m in Sources */,
				C3C8ACBC188B3CDA00CF59E0 /* DMStoreHoursActionSheetDelegate.m in Sources */,
				C3C8ACAB188B3CA700CF59E0 /* Beer.m in Sources */,
				C3C8ACAC188B3CA700CF59E0 /* DMCoreDataMethods.m in Sources */,
				C3C8ACB9188B3CDA00CF59E0 /* DMAppDelegate.m in Sources */,
				C3C8ACAD188B3CA700CF59E0 /* Favorites.m in Sources */,
				C3C8ACC1188B3CFB00CF59E0 /* DMGrowlerTableViewCell.m in Sources */,
				C3C8ACBD188B3CDA00CF59E0 /* DMTakeMeActionSheetDelegate.m in Sources */,
				C3C8ACD4188B3D6600CF59E0 /* DMGrowlerNetworkModel.m in Sources */,
				C3C8ACD1188B3D4B00CF59E0 /* main.m in Sources */,
				C3C8ACCB188B3D2000CF59E0 /* DMTableViewController.m in Sources */,
				C3C8ACAE188B3CA700CF59E0 /* GrowlerModel.xcdatamodeld in Sources */,
				C3C8ACBB188B3CDA00CF59E0 /* DMHelperMethods.m in Sources */,
			);
			runOnlyForDeploymentPostprocessing = 0;
		};
		C3DD53EB17967D470086A7E2 /* Sources */ = {
			isa = PBXSourcesBuildPhase;
			buildActionMask = 2147483647;
			files = (
				C3DD53FD17967D470086A7E2 /* GrowlersTests.m in Sources */,
				C3B14779182F60700058DD78 /* Tests.m in Sources */,
				C3B14773182EE1730058DD78 /* GrowlersCoreDataTests.m in Sources */,
				C3B14775182EE1870058DD78 /* GrowlersNSUserDefaultsTests.m in Sources */,
			);
			runOnlyForDeploymentPostprocessing = 0;
		};
/* End PBXSourcesBuildPhase section */

/* Begin PBXTargetDependency section */
		C3DD53F517967D470086A7E2 /* PBXTargetDependency */ = {
			isa = PBXTargetDependency;
			target = C3DD53CD17967D470086A7E2 /* Growlers */;
			targetProxy = C3DD53F417967D470086A7E2 /* PBXContainerItemProxy */;
		};
/* End PBXTargetDependency section */

/* Begin PBXVariantGroup section */
		C3DD53DA17967D470086A7E2 /* InfoPlist.strings */ = {
			isa = PBXVariantGroup;
			children = (
				C3DD53DB17967D470086A7E2 /* en */,
			);
			name = InfoPlist.strings;
			sourceTree = "<group>";
		};
		C3DD53E317967D470086A7E2 /* Main.storyboard */ = {
			isa = PBXVariantGroup;
			children = (
				C3DD53E417967D470086A7E2 /* Base */,
			);
			name = Main.storyboard;
			sourceTree = "<group>";
		};
		C3DD53F917967D470086A7E2 /* InfoPlist.strings */ = {
			isa = PBXVariantGroup;
			children = (
				C3DD53FA17967D470086A7E2 /* en */,
			);
			name = InfoPlist.strings;
			sourceTree = "<group>";
		};
/* End PBXVariantGroup section */

/* Begin XCBuildConfiguration section */
		C3DD53FE17967D470086A7E2 /* Debug */ = {
			isa = XCBuildConfiguration;
			buildSettings = {
				ALWAYS_SEARCH_USER_PATHS = NO;
				CLANG_CXX_LANGUAGE_STANDARD = "gnu++0x";
				CLANG_CXX_LIBRARY = "libc++";
				CLANG_ENABLE_MODULES = YES;
				CLANG_ENABLE_OBJC_ARC = YES;
				CLANG_WARN_BOOL_CONVERSION = YES;
				CLANG_WARN_CONSTANT_CONVERSION = YES;
				CLANG_WARN_DIRECT_OBJC_ISA_USAGE = YES_ERROR;
				CLANG_WARN_EMPTY_BODY = YES;
				CLANG_WARN_ENUM_CONVERSION = YES;
				CLANG_WARN_INT_CONVERSION = YES;
				CLANG_WARN_OBJC_ROOT_CLASS = YES_ERROR;
				CLANG_WARN__DUPLICATE_METHOD_MATCH = YES;
				CODE_SIGN_IDENTITY = "iPhone Developer: Daniel Miedema (PP5FQL9PFL)";
				"CODE_SIGN_IDENTITY[sdk=iphoneos*]" = "iPhone Developer: Daniel Miedema (PP5FQL9PFL)";
				COPY_PHASE_STRIP = NO;
				GCC_C_LANGUAGE_STANDARD = gnu99;
				GCC_DYNAMIC_NO_PIC = NO;
				GCC_OPTIMIZATION_LEVEL = 0;
				GCC_PREPROCESSOR_DEFINITIONS = (
					"DEBUG=1",
					"$(inherited)",
				);
				GCC_SYMBOLS_PRIVATE_EXTERN = NO;
				GCC_WARN_ABOUT_RETURN_TYPE = YES_ERROR;
				GCC_WARN_UNDECLARED_SELECTOR = YES;
				GCC_WARN_UNINITIALIZED_AUTOS = YES;
				GCC_WARN_UNUSED_FUNCTION = YES;
				GCC_WARN_UNUSED_VARIABLE = YES;
				IPHONEOS_DEPLOYMENT_TARGET = 6.1;
				ONLY_ACTIVE_ARCH = YES;
				PROVISIONING_PROFILE = "A7D5D512-FC92-4FB6-8706-88EEAC12C28F";
				SDKROOT = iphoneos;
			};
			name = Debug;
		};
		C3DD53FF17967D470086A7E2 /* Release */ = {
			isa = XCBuildConfiguration;
			buildSettings = {
				ALWAYS_SEARCH_USER_PATHS = NO;
				CLANG_CXX_LANGUAGE_STANDARD = "gnu++0x";
				CLANG_CXX_LIBRARY = "libc++";
				CLANG_ENABLE_MODULES = YES;
				CLANG_ENABLE_OBJC_ARC = YES;
				CLANG_WARN_BOOL_CONVERSION = YES;
				CLANG_WARN_CONSTANT_CONVERSION = YES;
				CLANG_WARN_DIRECT_OBJC_ISA_USAGE = YES_ERROR;
				CLANG_WARN_EMPTY_BODY = YES;
				CLANG_WARN_ENUM_CONVERSION = YES;
				CLANG_WARN_INT_CONVERSION = YES;
				CLANG_WARN_OBJC_ROOT_CLASS = YES_ERROR;
				CLANG_WARN__DUPLICATE_METHOD_MATCH = YES;
				CODE_SIGN_IDENTITY = "iPhone Developer: Daniel Miedema (PP5FQL9PFL)";
				"CODE_SIGN_IDENTITY[sdk=iphoneos*]" = "iPhone Developer: Daniel Miedema (PP5FQL9PFL)";
				COPY_PHASE_STRIP = YES;
				ENABLE_NS_ASSERTIONS = NO;
				GCC_C_LANGUAGE_STANDARD = gnu99;
				GCC_WARN_ABOUT_RETURN_TYPE = YES_ERROR;
				GCC_WARN_UNDECLARED_SELECTOR = YES;
				GCC_WARN_UNINITIALIZED_AUTOS = YES;
				GCC_WARN_UNUSED_FUNCTION = YES;
				GCC_WARN_UNUSED_VARIABLE = YES;
				IPHONEOS_DEPLOYMENT_TARGET = 6.1;
				PROVISIONING_PROFILE = "A7D5D512-FC92-4FB6-8706-88EEAC12C28F";
				SDKROOT = iphoneos;
				VALIDATE_PRODUCT = YES;
			};
			name = Release;
		};
		C3DD540117967D470086A7E2 /* Debug */ = {
			isa = XCBuildConfiguration;
			baseConfigurationReference = 3066D4AF570043AE81036398 /* Pods.xcconfig */;
			buildSettings = {
				ARCHS = "$(ARCHS_STANDARD_INCLUDING_64_BIT)";
				ASSETCATALOG_COMPILER_APPICON_NAME = AppIcon;
				ASSETCATALOG_COMPILER_LAUNCHIMAGE_NAME = LaunchImage;
				CODE_SIGN_ENTITLEMENTS = Growlers/Growlers.entitlements;
				"CODE_SIGN_ENTITLEMENTS[sdk=*]" = "";
				CODE_SIGN_IDENTITY = "iPhone Developer";
				"CODE_SIGN_IDENTITY[sdk=iphoneos*]" = "iPhone Developer: Daniel Miedema (86S6946F3E)";
				FRAMEWORK_SEARCH_PATHS = (
					"$(inherited)",
					"$(PROJECT_DIR)",
				);
				GCC_PRECOMPILE_PREFIX_HEADER = YES;
				GCC_PREFIX_HEADER = "Growlers/Supporting Files/Growlers-Prefix.pch";
				INFOPLIST_FILE = "Growlers/Supporting Files/Growlers-Info.plist";
				IPHONEOS_DEPLOYMENT_TARGET = 7.0;
				PRODUCT_NAME = "$(TARGET_NAME)";
				PROVISIONING_PROFILE = "EB4616C8-37C6-4BE4-8E04-08167CFDCD81";
				WRAPPER_EXTENSION = app;
			};
			name = Debug;
		};
		C3DD540217967D470086A7E2 /* Release */ = {
			isa = XCBuildConfiguration;
			baseConfigurationReference = 3066D4AF570043AE81036398 /* Pods.xcconfig */;
			buildSettings = {
				ARCHS = "$(ARCHS_STANDARD_INCLUDING_64_BIT)";
				ASSETCATALOG_COMPILER_APPICON_NAME = AppIcon;
				ASSETCATALOG_COMPILER_LAUNCHIMAGE_NAME = LaunchImage;
				CODE_SIGN_ENTITLEMENTS = Growlers/Growlers.entitlements;
				CODE_SIGN_IDENTITY = "iPhone Developer";
				"CODE_SIGN_IDENTITY[sdk=iphoneos*]" = "iPhone Developer: Daniel Miedema (86S6946F3E)";
				FRAMEWORK_SEARCH_PATHS = (
					"$(inherited)",
					"$(PROJECT_DIR)",
				);
				GCC_PRECOMPILE_PREFIX_HEADER = YES;
				GCC_PREFIX_HEADER = "Growlers/Supporting Files/Growlers-Prefix.pch";
				INFOPLIST_FILE = "Growlers/Supporting Files/Growlers-Info.plist";
				IPHONEOS_DEPLOYMENT_TARGET = 7.0;
				PRODUCT_NAME = "$(TARGET_NAME)";
				PROVISIONING_PROFILE = "EB4616C8-37C6-4BE4-8E04-08167CFDCD81";
				WRAPPER_EXTENSION = app;
			};
			name = Release;
		};
		C3DD540417967D470086A7E2 /* Debug */ = {
			isa = XCBuildConfiguration;
			baseConfigurationReference = D95DBBE007784969986BBE75 /* Pods-GrowlersTests.xcconfig */;
			buildSettings = {
				BUNDLE_LOADER = "$(BUILT_PRODUCTS_DIR)/Growlers.app/Growlers";
				FRAMEWORK_SEARCH_PATHS = (
					"$(SDKROOT)/Developer/Library/Frameworks",
					"$(inherited)",
					"$(SYSTEM_APPS_DIR)/Xcode5-DP3.app/Contents/Developer/Library/Frameworks",
				);
				GCC_PRECOMPILE_PREFIX_HEADER = YES;
				GCC_PREFIX_HEADER = "Growlers/Growlers-Prefix.pch";
				GCC_PREPROCESSOR_DEFINITIONS = (
					"DEBUG=1",
					"$(inherited)",
				);
				INFOPLIST_FILE = "GrowlersTests/GrowlersTests-Info.plist";
				IPHONEOS_DEPLOYMENT_TARGET = 6.1;
				PRODUCT_NAME = "$(TARGET_NAME)";
				TEST_HOST = "$(BUNDLE_LOADER)";
				WRAPPER_EXTENSION = xctest;
			};
			name = Debug;
		};
		C3DD540517967D470086A7E2 /* Release */ = {
			isa = XCBuildConfiguration;
			baseConfigurationReference = D95DBBE007784969986BBE75 /* Pods-GrowlersTests.xcconfig */;
			buildSettings = {
				BUNDLE_LOADER = "$(BUILT_PRODUCTS_DIR)/Growlers.app/Growlers";
				FRAMEWORK_SEARCH_PATHS = (
					"$(SDKROOT)/Developer/Library/Frameworks",
					"$(inherited)",
					"$(SYSTEM_APPS_DIR)/Xcode5-DP3.app/Contents/Developer/Library/Frameworks",
				);
				GCC_PRECOMPILE_PREFIX_HEADER = YES;
				GCC_PREFIX_HEADER = "Growlers/Growlers-Prefix.pch";
				INFOPLIST_FILE = "GrowlersTests/GrowlersTests-Info.plist";
				IPHONEOS_DEPLOYMENT_TARGET = 6.1;
				PRODUCT_NAME = "$(TARGET_NAME)";
				TEST_HOST = "$(BUNDLE_LOADER)";
				WRAPPER_EXTENSION = xctest;
			};
			name = Release;
		};
/* End XCBuildConfiguration section */

/* Begin XCConfigurationList section */
		C3DD53C917967D470086A7E2 /* Build configuration list for PBXProject "Growlers" */ = {
			isa = XCConfigurationList;
			buildConfigurations = (
				C3DD53FE17967D470086A7E2 /* Debug */,
				C3DD53FF17967D470086A7E2 /* Release */,
			);
			defaultConfigurationIsVisible = 0;
			defaultConfigurationName = Release;
		};
		C3DD540017967D470086A7E2 /* Build configuration list for PBXNativeTarget "Growlers" */ = {
			isa = XCConfigurationList;
			buildConfigurations = (
				C3DD540117967D470086A7E2 /* Debug */,
				C3DD540217967D470086A7E2 /* Release */,
			);
			defaultConfigurationIsVisible = 0;
			defaultConfigurationName = Release;
		};
		C3DD540317967D470086A7E2 /* Build configuration list for PBXNativeTarget "GrowlersTests" */ = {
			isa = XCConfigurationList;
			buildConfigurations = (
				C3DD540417967D470086A7E2 /* Debug */,
				C3DD540517967D470086A7E2 /* Release */,
			);
			defaultConfigurationIsVisible = 0;
			defaultConfigurationName = Release;
		};
/* End XCConfigurationList section */

/* Begin XCVersionGroup section */
		C3C8ACA7188B3CA700CF59E0 /* GrowlerModel.xcdatamodeld */ = {
			isa = XCVersionGroup;
			children = (
				C3C8ACA8188B3CA700CF59E0 /* GrowlerModel 2.xcdatamodel */,
				C3C8ACA9188B3CA700CF59E0 /* GrowlerModel 3.xcdatamodel */,
				C3C8ACAA188B3CA700CF59E0 /* GrowlerModel.xcdatamodel */,
			);
			currentVersion = C3C8ACA9188B3CA700CF59E0 /* GrowlerModel 3.xcdatamodel */;
			name = GrowlerModel.xcdatamodeld;
			path = CoreData/GrowlerModel.xcdatamodeld;
			sourceTree = "<group>";
			versionGroupType = wrapper.xcdatamodel;
		};
/* End XCVersionGroup section */
	};
	rootObject = C3DD53C617967D470086A7E2 /* Project object */;
}
